// !$*UTF8*$!
{
	archiveVersion = 1;
	classes = {
	};
	objectVersion = 50;
	objects = {

/* Begin PBXBuildFile section */
		1F01D25A2348B51A00F78484 /* MenuButton.swift in Sources */ = {isa = PBXBuildFile; fileRef = 1F01D2592348B51A00F78484 /* MenuButton.swift */; };
		1F01D25F2348DC5D00F78484 /* NibLoadable.swift in Sources */ = {isa = PBXBuildFile; fileRef = 1F01D25E2348DC5D00F78484 /* NibLoadable.swift */; };
		1F01D2612348DCD800F78484 /* NibOwnerLoadable.swift in Sources */ = {isa = PBXBuildFile; fileRef = 1F01D2602348DCD800F78484 /* NibOwnerLoadable.swift */; };
		1F01EDF4234684CA006245A3 /* MenuButton.xib in Resources */ = {isa = PBXBuildFile; fileRef = 1F01EDF3234684CA006245A3 /* MenuButton.xib */; };
		1F21F5072362256500F04575 /* Presenter.swift in Sources */ = {isa = PBXBuildFile; fileRef = 1F21F5062362256500F04575 /* Presenter.swift */; };
		1FF594CB235CC5CD004E12F1 /* MainMenuCoordinator.swift in Sources */ = {isa = PBXBuildFile; fileRef = 1FF594CA235CC5CD004E12F1 /* MainMenuCoordinator.swift */; };
		1FF594CE235CC7B0004E12F1 /* Coordinator.swift in Sources */ = {isa = PBXBuildFile; fileRef = 1FF594CD235CC7B0004E12F1 /* Coordinator.swift */; };
		1FF594D0235CD823004E12F1 /* View.swift in Sources */ = {isa = PBXBuildFile; fileRef = 1FF594CF235CD823004E12F1 /* View.swift */; };
		1FF8F1E8236475B6006CAE1A /* ScreenFactory.swift in Sources */ = {isa = PBXBuildFile; fileRef = 1FF8F1E7236475B6006CAE1A /* ScreenFactory.swift */; };
		1FF8F1EA2364809A006CAE1A /* Mock.swift in Sources */ = {isa = PBXBuildFile; fileRef = 1FF8F1E92364809A006CAE1A /* Mock.swift */; };
		1FF938F7235106C1000C467A /* R.generated.swift in Sources */ = {isa = PBXBuildFile; fileRef = 1FF938F6235106C1000C467A /* R.generated.swift */; };
		1FF939042354FC92000C467A /* Localizable.strings in Resources */ = {isa = PBXBuildFile; fileRef = 1FF939032354FC91000C467A /* Localizable.strings */; };
		926D1CEB2351C201006DAAE8 /* Rswift.framework in Frameworks */ = {isa = PBXBuildFile; fileRef = 926D1CE82351BF58006DAAE8 /* Rswift.framework */; };
		926D1CF42351C84E006DAAE8 /* Rswift.framework in Frameworks */ = {isa = PBXBuildFile; fileRef = 926D1CE82351BF58006DAAE8 /* Rswift.framework */; };
		926D1CF62351C8C8006DAAE8 /* Rswift.framework in CopyFiles */ = {isa = PBXBuildFile; fileRef = 926D1CE82351BF58006DAAE8 /* Rswift.framework */; settings = {ATTRIBUTES = (RemoveHeadersOnCopy, ); }; };
		92AB82762340E3BA00EF700A /* AppDelegate.swift in Sources */ = {isa = PBXBuildFile; fileRef = 92AB82752340E3BA00EF700A /* AppDelegate.swift */; };
		92AB82802340E3BA00EF700A /* QuizApp.xcdatamodeld in Sources */ = {isa = PBXBuildFile; fileRef = 92AB827E2340E3BA00EF700A /* QuizApp.xcdatamodeld */; };
		92AB82822340E3BF00EF700A /* Assets.xcassets in Resources */ = {isa = PBXBuildFile; fileRef = 92AB82812340E3BF00EF700A /* Assets.xcassets */; };
		92AB82852340E3BF00EF700A /* LaunchScreen.storyboard in Resources */ = {isa = PBXBuildFile; fileRef = 92AB82832340E3BF00EF700A /* LaunchScreen.storyboard */; };
		92AB82902340E3C000EF700A /* QuizAppTests.swift in Sources */ = {isa = PBXBuildFile; fileRef = 92AB828F2340E3C000EF700A /* QuizAppTests.swift */; };
		92AB829B2340E3C000EF700A /* QuizAppUITests.swift in Sources */ = {isa = PBXBuildFile; fileRef = 92AB829A2340E3C000EF700A /* QuizAppUITests.swift */; };
		92AB82B22340E5AD00EF700A /* MainMenuViewController.swift in Sources */ = {isa = PBXBuildFile; fileRef = 92AB82B12340E5AD00EF700A /* MainMenuViewController.swift */; };
		92AB82B52340E5D500EF700A /* MainMenuPresenter.swift in Sources */ = {isa = PBXBuildFile; fileRef = 92AB82B42340E5D500EF700A /* MainMenuPresenter.swift */; };
		92AB82B72340E5EF00EF700A /* MainMenu.storyboard in Resources */ = {isa = PBXBuildFile; fileRef = 92AB82B62340E5EF00EF700A /* MainMenu.storyboard */; };
		92DD01CC2351DE2F002B753A /* SplitButton.xib in Resources */ = {isa = PBXBuildFile; fileRef = 92DD01CB2351DE2F002B753A /* SplitButton.xib */; };
		92DD01CE2351DE65002B753A /* SplitButton.swift in Sources */ = {isa = PBXBuildFile; fileRef = 92DD01CD2351DE65002B753A /* SplitButton.swift */; };
		92DD01D02351F514002B753A /* StringExtension.swift in Sources */ = {isa = PBXBuildFile; fileRef = 92DD01CF2351F514002B753A /* StringExtension.swift */; };
/* End PBXBuildFile section */

/* Begin PBXContainerItemProxy section */
		92AB828C2340E3C000EF700A /* PBXContainerItemProxy */ = {
			isa = PBXContainerItemProxy;
			containerPortal = 92AB826A2340E3BA00EF700A /* Project object */;
			proxyType = 1;
			remoteGlobalIDString = 92AB82712340E3BA00EF700A;
			remoteInfo = QuizApp;
		};
		92AB82972340E3C000EF700A /* PBXContainerItemProxy */ = {
			isa = PBXContainerItemProxy;
			containerPortal = 92AB826A2340E3BA00EF700A /* Project object */;
			proxyType = 1;
			remoteGlobalIDString = 92AB82712340E3BA00EF700A;
			remoteInfo = QuizApp;
		};
/* End PBXContainerItemProxy section */

/* Begin PBXCopyFilesBuildPhase section */
		1FF25EFE234FACD00062BC4D /* CopyFiles */ = {
			isa = PBXCopyFilesBuildPhase;
			buildActionMask = 2147483647;
			dstPath = "";
			dstSubfolderSpec = 10;
			files = (
				926D1CF62351C8C8006DAAE8 /* Rswift.framework in CopyFiles */,
			);
			runOnlyForDeploymentPostprocessing = 0;
		};
/* End PBXCopyFilesBuildPhase section */

/* Begin PBXFileReference section */
		1F01D2592348B51A00F78484 /* MenuButton.swift */ = {isa = PBXFileReference; lastKnownFileType = sourcecode.swift; path = MenuButton.swift; sourceTree = "<group>"; };
		1F01D25E2348DC5D00F78484 /* NibLoadable.swift */ = {isa = PBXFileReference; lastKnownFileType = sourcecode.swift; path = NibLoadable.swift; sourceTree = "<group>"; };
		1F01D2602348DCD800F78484 /* NibOwnerLoadable.swift */ = {isa = PBXFileReference; lastKnownFileType = sourcecode.swift; path = NibOwnerLoadable.swift; sourceTree = "<group>"; };
		1F01EDF3234684CA006245A3 /* MenuButton.xib */ = {isa = PBXFileReference; lastKnownFileType = file.xib; path = MenuButton.xib; sourceTree = "<group>"; };
		1F21F5062362256500F04575 /* Presenter.swift */ = {isa = PBXFileReference; lastKnownFileType = sourcecode.swift; path = Presenter.swift; sourceTree = "<group>"; };
		1FF594CA235CC5CD004E12F1 /* MainMenuCoordinator.swift */ = {isa = PBXFileReference; lastKnownFileType = sourcecode.swift; path = MainMenuCoordinator.swift; sourceTree = "<group>"; };
		1FF594CD235CC7B0004E12F1 /* Coordinator.swift */ = {isa = PBXFileReference; lastKnownFileType = sourcecode.swift; path = Coordinator.swift; sourceTree = "<group>"; };
		1FF594CF235CD823004E12F1 /* View.swift */ = {isa = PBXFileReference; lastKnownFileType = sourcecode.swift; path = View.swift; sourceTree = "<group>"; };
		1FF8F1E7236475B6006CAE1A /* ScreenFactory.swift */ = {isa = PBXFileReference; lastKnownFileType = sourcecode.swift; path = ScreenFactory.swift; sourceTree = "<group>"; };
		1FF8F1E92364809A006CAE1A /* Mock.swift */ = {isa = PBXFileReference; lastKnownFileType = sourcecode.swift; path = Mock.swift; sourceTree = "<group>"; };
		1FF938F6235106C1000C467A /* R.generated.swift */ = {isa = PBXFileReference; fileEncoding = 4; lastKnownFileType = sourcecode.swift; path = R.generated.swift; sourceTree = "<group>"; };
		1FF939032354FC91000C467A /* Localizable.strings */ = {isa = PBXFileReference; lastKnownFileType = text.plist.strings; path = Localizable.strings; sourceTree = "<group>"; };
		926D1CE82351BF58006DAAE8 /* Rswift.framework */ = {isa = PBXFileReference; lastKnownFileType = wrapper.framework; name = Rswift.framework; path = Carthage/Build/iOS/Rswift.framework; sourceTree = "<group>"; };
		92AB82722340E3BA00EF700A /* QuizApp.app */ = {isa = PBXFileReference; explicitFileType = wrapper.application; includeInIndex = 0; path = QuizApp.app; sourceTree = BUILT_PRODUCTS_DIR; };
		92AB82752340E3BA00EF700A /* AppDelegate.swift */ = {isa = PBXFileReference; lastKnownFileType = sourcecode.swift; path = AppDelegate.swift; sourceTree = "<group>"; };
		92AB827F2340E3BA00EF700A /* QuizApp.xcdatamodel */ = {isa = PBXFileReference; lastKnownFileType = wrapper.xcdatamodel; path = QuizApp.xcdatamodel; sourceTree = "<group>"; };
		92AB82812340E3BF00EF700A /* Assets.xcassets */ = {isa = PBXFileReference; lastKnownFileType = folder.assetcatalog; path = Assets.xcassets; sourceTree = "<group>"; };
		92AB82842340E3BF00EF700A /* Base */ = {isa = PBXFileReference; lastKnownFileType = file.storyboard; name = Base; path = Base.lproj/LaunchScreen.storyboard; sourceTree = "<group>"; };
		92AB82862340E3BF00EF700A /* Info.plist */ = {isa = PBXFileReference; lastKnownFileType = text.plist.xml; path = Info.plist; sourceTree = "<group>"; };
		92AB828B2340E3C000EF700A /* QuizAppTests.xctest */ = {isa = PBXFileReference; explicitFileType = wrapper.cfbundle; includeInIndex = 0; path = QuizAppTests.xctest; sourceTree = BUILT_PRODUCTS_DIR; };
		92AB828F2340E3C000EF700A /* QuizAppTests.swift */ = {isa = PBXFileReference; lastKnownFileType = sourcecode.swift; path = QuizAppTests.swift; sourceTree = "<group>"; };
		92AB82912340E3C000EF700A /* Info.plist */ = {isa = PBXFileReference; lastKnownFileType = text.plist.xml; path = Info.plist; sourceTree = "<group>"; };
		92AB82962340E3C000EF700A /* QuizAppUITests.xctest */ = {isa = PBXFileReference; explicitFileType = wrapper.cfbundle; includeInIndex = 0; path = QuizAppUITests.xctest; sourceTree = BUILT_PRODUCTS_DIR; };
		92AB829A2340E3C000EF700A /* QuizAppUITests.swift */ = {isa = PBXFileReference; lastKnownFileType = sourcecode.swift; path = QuizAppUITests.swift; sourceTree = "<group>"; };
		92AB829C2340E3C000EF700A /* Info.plist */ = {isa = PBXFileReference; lastKnownFileType = text.plist.xml; path = Info.plist; sourceTree = "<group>"; };
		92AB82B12340E5AD00EF700A /* MainMenuViewController.swift */ = {isa = PBXFileReference; lastKnownFileType = sourcecode.swift; path = MainMenuViewController.swift; sourceTree = "<group>"; };
		92AB82B42340E5D500EF700A /* MainMenuPresenter.swift */ = {isa = PBXFileReference; lastKnownFileType = sourcecode.swift; path = MainMenuPresenter.swift; sourceTree = "<group>"; };
		92AB82B62340E5EF00EF700A /* MainMenu.storyboard */ = {isa = PBXFileReference; lastKnownFileType = file.storyboard; path = MainMenu.storyboard; sourceTree = "<group>"; };
		92DD01CB2351DE2F002B753A /* SplitButton.xib */ = {isa = PBXFileReference; lastKnownFileType = file.xib; path = SplitButton.xib; sourceTree = "<group>"; };
		92DD01CD2351DE65002B753A /* SplitButton.swift */ = {isa = PBXFileReference; lastKnownFileType = sourcecode.swift; path = SplitButton.swift; sourceTree = "<group>"; };
		92DD01CF2351F514002B753A /* StringExtension.swift */ = {isa = PBXFileReference; lastKnownFileType = sourcecode.swift; path = StringExtension.swift; sourceTree = "<group>"; };
/* End PBXFileReference section */

/* Begin PBXFrameworksBuildPhase section */
		92AB826F2340E3BA00EF700A /* Frameworks */ = {
			isa = PBXFrameworksBuildPhase;
			buildActionMask = 2147483647;
			files = (
				926D1CF42351C84E006DAAE8 /* Rswift.framework in Frameworks */,
			);
			runOnlyForDeploymentPostprocessing = 0;
		};
		92AB82882340E3C000EF700A /* Frameworks */ = {
			isa = PBXFrameworksBuildPhase;
			buildActionMask = 2147483647;
			files = (
				926D1CEB2351C201006DAAE8 /* Rswift.framework in Frameworks */,
			);
			runOnlyForDeploymentPostprocessing = 0;
		};
		92AB82932340E3C000EF700A /* Frameworks */ = {
			isa = PBXFrameworksBuildPhase;
			buildActionMask = 2147483647;
			files = (
			);
			runOnlyForDeploymentPostprocessing = 0;
		};
/* End PBXFrameworksBuildPhase section */

/* Begin PBXGroup section */
		1F01D25D2348DC3F00F78484 /* Reusable */ = {
			isa = PBXGroup;
			children = (
				1F01D25E2348DC5D00F78484 /* NibLoadable.swift */,
				1F01D2602348DCD800F78484 /* NibOwnerLoadable.swift */,
			);
			path = Reusable;
			sourceTree = "<group>";
		};
		1F01EDF223468484006245A3 /* MenuButton */ = {
			isa = PBXGroup;
			children = (
				1F01EDF3234684CA006245A3 /* MenuButton.xib */,
				1F01D2592348B51A00F78484 /* MenuButton.swift */,
			);
			path = MenuButton;
			sourceTree = "<group>";
		};
		1FF594CC235CC6F6004E12F1 /* Architacture */ = {
			isa = PBXGroup;
			children = (
				1FF594CD235CC7B0004E12F1 /* Coordinator.swift */,
				1FF594CF235CD823004E12F1 /* View.swift */,
				1F21F5062362256500F04575 /* Presenter.swift */,
				1FF8F1E7236475B6006CAE1A /* ScreenFactory.swift */,
			);
			path = Architacture;
			sourceTree = "<group>";
		};
		1FF938F5235106C1000C467A /* Generated */ = {
			isa = PBXGroup;
			children = (
				1FF938F6235106C1000C467A /* R.generated.swift */,
			);
			path = Generated;
			sourceTree = "<group>";
		};
		926D1CE72351BF58006DAAE8 /* Frameworks */ = {
			isa = PBXGroup;
			children = (
				926D1CE82351BF58006DAAE8 /* Rswift.framework */,
			);
			name = Frameworks;
			sourceTree = "<group>";
		};
		92AB82692340E3BA00EF700A = {
			isa = PBXGroup;
			children = (
				1FF938F5235106C1000C467A /* Generated */,
				92AB82742340E3BA00EF700A /* QuizApp */,
				92AB828E2340E3C000EF700A /* QuizAppTests */,
				92AB82992340E3C000EF700A /* QuizAppUITests */,
				92AB82732340E3BA00EF700A /* Products */,
				926D1CE72351BF58006DAAE8 /* Frameworks */,
			);
			sourceTree = "<group>";
		};
		92AB82732340E3BA00EF700A /* Products */ = {
			isa = PBXGroup;
			children = (
				92AB82722340E3BA00EF700A /* QuizApp.app */,
				92AB828B2340E3C000EF700A /* QuizAppTests.xctest */,
				92AB82962340E3C000EF700A /* QuizAppUITests.xctest */,
			);
			name = Products;
			sourceTree = "<group>";
		};
		92AB82742340E3BA00EF700A /* QuizApp */ = {
			isa = PBXGroup;
			children = (
				92AB82A92340E4D100EF700A /* Classes */,
				92AB82A82340E43700EF700A /* Resources */,
				92AB82752340E3BA00EF700A /* AppDelegate.swift */,
			);
			path = QuizApp;
			sourceTree = "<group>";
		};
		92AB828E2340E3C000EF700A /* QuizAppTests */ = {
			isa = PBXGroup;
			children = (
				92AB828F2340E3C000EF700A /* QuizAppTests.swift */,
				92AB82912340E3C000EF700A /* Info.plist */,
			);
			path = QuizAppTests;
			sourceTree = "<group>";
		};
		92AB82992340E3C000EF700A /* QuizAppUITests */ = {
			isa = PBXGroup;
			children = (
				92AB829A2340E3C000EF700A /* QuizAppUITests.swift */,
				92AB829C2340E3C000EF700A /* Info.plist */,
			);
			path = QuizAppUITests;
			sourceTree = "<group>";
		};
		92AB82A82340E43700EF700A /* Resources */ = {
			isa = PBXGroup;
			children = (
				92AB82832340E3BF00EF700A /* LaunchScreen.storyboard */,
				92AB82862340E3BF00EF700A /* Info.plist */,
				92AB827E2340E3BA00EF700A /* QuizApp.xcdatamodeld */,
				92AB82812340E3BF00EF700A /* Assets.xcassets */,
				1FF939032354FC91000C467A /* Localizable.strings */,
			);
			path = Resources;
			sourceTree = "<group>";
		};
		92AB82A92340E4D100EF700A /* Classes */ = {
			isa = PBXGroup;
			children = (
				1FF594CC235CC6F6004E12F1 /* Architacture */,
				92AB82AF2340E56600EF700A /* Common Views */,
				92AB82AE2340E54800EF700A /* Mapping */,
				92AB82AD2340E54300EF700A /* Misc */,
				92AB82AC2340E52100EF700A /* Services */,
				92AB82AB2340E51B00EF700A /* Model */,
				92AB82AA2340E4E300EF700A /* Presentation */,
			);
			path = Classes;
			sourceTree = "<group>";
		};
		92AB82AA2340E4E300EF700A /* Presentation */ = {
			isa = PBXGroup;
			children = (
				92AB82B02340E57E00EF700A /* MainMenu */,
			);
			path = Presentation;
			sourceTree = "<group>";
		};
		92AB82AB2340E51B00EF700A /* Model */ = {
			isa = PBXGroup;
			children = (
			);
			path = Model;
			sourceTree = "<group>";
		};
		92AB82AC2340E52100EF700A /* Services */ = {
			isa = PBXGroup;
			children = (
			);
			path = Services;
			sourceTree = "<group>";
		};
		92AB82AD2340E54300EF700A /* Misc */ = {
			isa = PBXGroup;
			children = (
				92DD01CF2351F514002B753A /* StringExtension.swift */,
				1F01D25D2348DC3F00F78484 /* Reusable */,
				1FF8F1E92364809A006CAE1A /* Mock.swift */,
			);
			path = Misc;
			sourceTree = "<group>";
		};
		92AB82AE2340E54800EF700A /* Mapping */ = {
			isa = PBXGroup;
			children = (
			);
			path = Mapping;
			sourceTree = "<group>";
		};
		92AB82AF2340E56600EF700A /* Common Views */ = {
			isa = PBXGroup;
			children = (
				92DD01C62351DC83002B753A /* DoubleButton */,
				1F01D266234911E200F78484 /* Controller */,
				1F01EDF223468484006245A3 /* MenuButton */,
			);
			path = "Common Views";
			sourceTree = "<group>";
		};
		92AB82B02340E57E00EF700A /* MainMenu */ = {
			isa = PBXGroup;
			children = (
				92AB82B12340E5AD00EF700A /* MainMenuViewController.swift */,
				92AB82B42340E5D500EF700A /* MainMenuPresenter.swift */,
				92AB82B62340E5EF00EF700A /* MainMenu.storyboard */,
				1FF594CA235CC5CD004E12F1 /* MainMenuCoordinator.swift */,
			);
			path = MainMenu;
			sourceTree = "<group>";
		};
		92DD01C62351DC83002B753A /* DoubleButton */ = {
			isa = PBXGroup;
			children = (
				92DD01CB2351DE2F002B753A /* SplitButton.xib */,
				92DD01CD2351DE65002B753A /* SplitButton.swift */,
			);
			path = DoubleButton;
			sourceTree = "<group>";
		};
/* End PBXGroup section */

/* Begin PBXNativeTarget section */
		92AB82712340E3BA00EF700A /* QuizApp */ = {
			isa = PBXNativeTarget;
			buildConfigurationList = 92AB829F2340E3C000EF700A /* Build configuration list for PBXNativeTarget "QuizApp" */;
			buildPhases = (
				1FF938F02351021C000C467A /* ShellScript */,
				92AB826E2340E3BA00EF700A /* Sources */,
				92AB826F2340E3BA00EF700A /* Frameworks */,
				92AB82702340E3BA00EF700A /* Resources */,
				1FF25EFE234FACD00062BC4D /* CopyFiles */,
			);
			buildRules = (
			);
			dependencies = (
			);
			name = QuizApp;
			productName = QuizApp;
			productReference = 92AB82722340E3BA00EF700A /* QuizApp.app */;
			productType = "com.apple.product-type.application";
		};
		92AB828A2340E3C000EF700A /* QuizAppTests */ = {
			isa = PBXNativeTarget;
			buildConfigurationList = 92AB82A22340E3C000EF700A /* Build configuration list for PBXNativeTarget "QuizAppTests" */;
			buildPhases = (
				92AB82872340E3C000EF700A /* Sources */,
				92AB82882340E3C000EF700A /* Frameworks */,
				92AB82892340E3C000EF700A /* Resources */,
			);
			buildRules = (
			);
			dependencies = (
				92AB828D2340E3C000EF700A /* PBXTargetDependency */,
			);
			name = QuizAppTests;
			productName = QuizAppTests;
			productReference = 92AB828B2340E3C000EF700A /* QuizAppTests.xctest */;
			productType = "com.apple.product-type.bundle.unit-test";
		};
		92AB82952340E3C000EF700A /* QuizAppUITests */ = {
			isa = PBXNativeTarget;
			buildConfigurationList = 92AB82A52340E3C000EF700A /* Build configuration list for PBXNativeTarget "QuizAppUITests" */;
			buildPhases = (
				92AB82922340E3C000EF700A /* Sources */,
				92AB82932340E3C000EF700A /* Frameworks */,
				92AB82942340E3C000EF700A /* Resources */,
			);
			buildRules = (
			);
			dependencies = (
				92AB82982340E3C000EF700A /* PBXTargetDependency */,
			);
			name = QuizAppUITests;
			productName = QuizAppUITests;
			productReference = 92AB82962340E3C000EF700A /* QuizAppUITests.xctest */;
			productType = "com.apple.product-type.bundle.ui-testing";
		};
/* End PBXNativeTarget section */

/* Begin PBXProject section */
		92AB826A2340E3BA00EF700A /* Project object */ = {
			isa = PBXProject;
			attributes = {
				LastSwiftUpdateCheck = 1100;
				LastUpgradeCheck = 1100;
				ORGANIZATIONNAME = "Kurumoch Team LLC";
				TargetAttributes = {
					92AB82712340E3BA00EF700A = {
						CreatedOnToolsVersion = 11.0;
					};
					92AB828A2340E3C000EF700A = {
						CreatedOnToolsVersion = 11.0;
						TestTargetID = 92AB82712340E3BA00EF700A;
					};
					92AB82952340E3C000EF700A = {
						CreatedOnToolsVersion = 11.0;
						TestTargetID = 92AB82712340E3BA00EF700A;
					};
				};
			};
			buildConfigurationList = 92AB826D2340E3BA00EF700A /* Build configuration list for PBXProject "QuizApp" */;
			compatibilityVersion = "Xcode 9.3";
			developmentRegion = en;
			hasScannedForEncodings = 0;
			knownRegions = (
				en,
				Base,
			);
			mainGroup = 92AB82692340E3BA00EF700A;
			productRefGroup = 92AB82732340E3BA00EF700A /* Products */;
			projectDirPath = "";
			projectRoot = "";
			targets = (
				92AB82712340E3BA00EF700A /* QuizApp */,
				92AB828A2340E3C000EF700A /* QuizAppTests */,
				92AB82952340E3C000EF700A /* QuizAppUITests */,
			);
		};
/* End PBXProject section */

/* Begin PBXResourcesBuildPhase section */
		92AB82702340E3BA00EF700A /* Resources */ = {
			isa = PBXResourcesBuildPhase;
			buildActionMask = 2147483647;
			files = (
				1FF939042354FC92000C467A /* Localizable.strings in Resources */,
				1F01EDF4234684CA006245A3 /* MenuButton.xib in Resources */,
				92AB82852340E3BF00EF700A /* LaunchScreen.storyboard in Resources */,
				92AB82822340E3BF00EF700A /* Assets.xcassets in Resources */,
				92AB82B72340E5EF00EF700A /* MainMenu.storyboard in Resources */,
				92DD01CC2351DE2F002B753A /* SplitButton.xib in Resources */,
			);
			runOnlyForDeploymentPostprocessing = 0;
		};
		92AB82892340E3C000EF700A /* Resources */ = {
			isa = PBXResourcesBuildPhase;
			buildActionMask = 2147483647;
			files = (
			);
			runOnlyForDeploymentPostprocessing = 0;
		};
		92AB82942340E3C000EF700A /* Resources */ = {
			isa = PBXResourcesBuildPhase;
			buildActionMask = 2147483647;
			files = (
			);
			runOnlyForDeploymentPostprocessing = 0;
		};
/* End PBXResourcesBuildPhase section */

/* Begin PBXShellScriptBuildPhase section */
		1FF938F02351021C000C467A /* ShellScript */ = {
			isa = PBXShellScriptBuildPhase;
			buildActionMask = 2147483647;
			files = (
			);
			inputFileListPaths = (
			);
			inputPaths = (
				"$TEMP_DIR/rswift-lastrun",
			);
			outputFileListPaths = (
			);
			outputPaths = (
				$SRCROOT/Generated/R.generated.swift,
			);
			runOnlyForDeploymentPostprocessing = 0;
			shellPath = /bin/sh;
			shellScript = "# Type a script or drag a script file from your workspace to insert its path.\n\"$SRCROOT/rswift\" generate \"$SRCROOT/Generated/R.generated.swift\"\n";
		};
/* End PBXShellScriptBuildPhase section */

/* Begin PBXSourcesBuildPhase section */
		92AB826E2340E3BA00EF700A /* Sources */ = {
			isa = PBXSourcesBuildPhase;
			buildActionMask = 2147483647;
			files = (
				92AB82B22340E5AD00EF700A /* MainMenuViewController.swift in Sources */,
				1F01D2612348DCD800F78484 /* NibOwnerLoadable.swift in Sources */,
				1FF8F1E8236475B6006CAE1A /* ScreenFactory.swift in Sources */,
				92AB82762340E3BA00EF700A /* AppDelegate.swift in Sources */,
				1F01D25F2348DC5D00F78484 /* NibLoadable.swift in Sources */,
				92AB82B52340E5D500EF700A /* MainMenuPresenter.swift in Sources */,
				1F01D25A2348B51A00F78484 /* MenuButton.swift in Sources */,
				92DD01CE2351DE65002B753A /* SplitButton.swift in Sources */,
				1FF594CE235CC7B0004E12F1 /* Coordinator.swift in Sources */,
				1FF594CB235CC5CD004E12F1 /* MainMenuCoordinator.swift in Sources */,
				1FF594D0235CD823004E12F1 /* View.swift in Sources */,
				92AB82802340E3BA00EF700A /* QuizApp.xcdatamodeld in Sources */,
				92DD01D02351F514002B753A /* StringExtension.swift in Sources */,
				1FF8F1EA2364809A006CAE1A /* Mock.swift in Sources */,
				1F21F5072362256500F04575 /* Presenter.swift in Sources */,
				1FF938F7235106C1000C467A /* R.generated.swift in Sources */,
			);
			runOnlyForDeploymentPostprocessing = 0;
		};
		92AB82872340E3C000EF700A /* Sources */ = {
			isa = PBXSourcesBuildPhase;
			buildActionMask = 2147483647;
			files = (
				92AB82902340E3C000EF700A /* QuizAppTests.swift in Sources */,
			);
			runOnlyForDeploymentPostprocessing = 0;
		};
		92AB82922340E3C000EF700A /* Sources */ = {
			isa = PBXSourcesBuildPhase;
			buildActionMask = 2147483647;
			files = (
				92AB829B2340E3C000EF700A /* QuizAppUITests.swift in Sources */,
			);
			runOnlyForDeploymentPostprocessing = 0;
		};
/* End PBXSourcesBuildPhase section */

/* Begin PBXTargetDependency section */
		92AB828D2340E3C000EF700A /* PBXTargetDependency */ = {
			isa = PBXTargetDependency;
			target = 92AB82712340E3BA00EF700A /* QuizApp */;
			targetProxy = 92AB828C2340E3C000EF700A /* PBXContainerItemProxy */;
		};
		92AB82982340E3C000EF700A /* PBXTargetDependency */ = {
			isa = PBXTargetDependency;
			target = 92AB82712340E3BA00EF700A /* QuizApp */;
			targetProxy = 92AB82972340E3C000EF700A /* PBXContainerItemProxy */;
		};
/* End PBXTargetDependency section */

/* Begin PBXVariantGroup section */
		92AB82832340E3BF00EF700A /* LaunchScreen.storyboard */ = {
			isa = PBXVariantGroup;
			children = (
				92AB82842340E3BF00EF700A /* Base */,
			);
			name = LaunchScreen.storyboard;
			sourceTree = "<group>";
		};
/* End PBXVariantGroup section */

/* Begin XCBuildConfiguration section */
		92AB829D2340E3C000EF700A /* Debug */ = {
			isa = XCBuildConfiguration;
			buildSettings = {
				ALWAYS_SEARCH_USER_PATHS = NO;
				CLANG_ANALYZER_NONNULL = YES;
				CLANG_ANALYZER_NUMBER_OBJECT_CONVERSION = YES_AGGRESSIVE;
				CLANG_CXX_LANGUAGE_STANDARD = "gnu++14";
				CLANG_CXX_LIBRARY = "libc++";
				CLANG_ENABLE_MODULES = YES;
				CLANG_ENABLE_OBJC_ARC = YES;
				CLANG_ENABLE_OBJC_WEAK = YES;
				CLANG_WARN_BLOCK_CAPTURE_AUTORELEASING = YES;
				CLANG_WARN_BOOL_CONVERSION = YES;
				CLANG_WARN_COMMA = YES;
				CLANG_WARN_CONSTANT_CONVERSION = YES;
				CLANG_WARN_DEPRECATED_OBJC_IMPLEMENTATIONS = YES;
				CLANG_WARN_DIRECT_OBJC_ISA_USAGE = YES_ERROR;
				CLANG_WARN_DOCUMENTATION_COMMENTS = YES;
				CLANG_WARN_EMPTY_BODY = YES;
				CLANG_WARN_ENUM_CONVERSION = YES;
				CLANG_WARN_INFINITE_RECURSION = YES;
				CLANG_WARN_INT_CONVERSION = YES;
				CLANG_WARN_NON_LITERAL_NULL_CONVERSION = YES;
				CLANG_WARN_OBJC_IMPLICIT_RETAIN_SELF = YES;
				CLANG_WARN_OBJC_LITERAL_CONVERSION = YES;
				CLANG_WARN_OBJC_ROOT_CLASS = YES_ERROR;
				CLANG_WARN_RANGE_LOOP_ANALYSIS = YES;
				CLANG_WARN_STRICT_PROTOTYPES = YES;
				CLANG_WARN_SUSPICIOUS_MOVE = YES;
				CLANG_WARN_UNGUARDED_AVAILABILITY = YES_AGGRESSIVE;
				CLANG_WARN_UNREACHABLE_CODE = YES;
				CLANG_WARN__DUPLICATE_METHOD_MATCH = YES;
				COPY_PHASE_STRIP = NO;
				DEBUG_INFORMATION_FORMAT = dwarf;
				ENABLE_STRICT_OBJC_MSGSEND = YES;
				ENABLE_TESTABILITY = YES;
				GCC_C_LANGUAGE_STANDARD = gnu11;
				GCC_DYNAMIC_NO_PIC = NO;
				GCC_NO_COMMON_BLOCKS = YES;
				GCC_OPTIMIZATION_LEVEL = 0;
				GCC_PREPROCESSOR_DEFINITIONS = (
					"DEBUG=1",
					"$(inherited)",
				);
				GCC_WARN_64_TO_32_BIT_CONVERSION = YES;
				GCC_WARN_ABOUT_RETURN_TYPE = YES_ERROR;
				GCC_WARN_UNDECLARED_SELECTOR = YES;
				GCC_WARN_UNINITIALIZED_AUTOS = YES_AGGRESSIVE;
				GCC_WARN_UNUSED_FUNCTION = YES;
				GCC_WARN_UNUSED_VARIABLE = YES;
				IPHONEOS_DEPLOYMENT_TARGET = 13.0;
				MTL_ENABLE_DEBUG_INFO = INCLUDE_SOURCE;
				MTL_FAST_MATH = YES;
				ONLY_ACTIVE_ARCH = YES;
				SDKROOT = iphoneos;
				SWIFT_ACTIVE_COMPILATION_CONDITIONS = DEBUG;
				SWIFT_OPTIMIZATION_LEVEL = "-Onone";
			};
			name = Debug;
		};
		92AB829E2340E3C000EF700A /* Release */ = {
			isa = XCBuildConfiguration;
			buildSettings = {
				ALWAYS_SEARCH_USER_PATHS = NO;
				CLANG_ANALYZER_NONNULL = YES;
				CLANG_ANALYZER_NUMBER_OBJECT_CONVERSION = YES_AGGRESSIVE;
				CLANG_CXX_LANGUAGE_STANDARD = "gnu++14";
				CLANG_CXX_LIBRARY = "libc++";
				CLANG_ENABLE_MODULES = YES;
				CLANG_ENABLE_OBJC_ARC = YES;
				CLANG_ENABLE_OBJC_WEAK = YES;
				CLANG_WARN_BLOCK_CAPTURE_AUTORELEASING = YES;
				CLANG_WARN_BOOL_CONVERSION = YES;
				CLANG_WARN_COMMA = YES;
				CLANG_WARN_CONSTANT_CONVERSION = YES;
				CLANG_WARN_DEPRECATED_OBJC_IMPLEMENTATIONS = YES;
				CLANG_WARN_DIRECT_OBJC_ISA_USAGE = YES_ERROR;
				CLANG_WARN_DOCUMENTATION_COMMENTS = YES;
				CLANG_WARN_EMPTY_BODY = YES;
				CLANG_WARN_ENUM_CONVERSION = YES;
				CLANG_WARN_INFINITE_RECURSION = YES;
				CLANG_WARN_INT_CONVERSION = YES;
				CLANG_WARN_NON_LITERAL_NULL_CONVERSION = YES;
				CLANG_WARN_OBJC_IMPLICIT_RETAIN_SELF = YES;
				CLANG_WARN_OBJC_LITERAL_CONVERSION = YES;
				CLANG_WARN_OBJC_ROOT_CLASS = YES_ERROR;
				CLANG_WARN_RANGE_LOOP_ANALYSIS = YES;
				CLANG_WARN_STRICT_PROTOTYPES = YES;
				CLANG_WARN_SUSPICIOUS_MOVE = YES;
				CLANG_WARN_UNGUARDED_AVAILABILITY = YES_AGGRESSIVE;
				CLANG_WARN_UNREACHABLE_CODE = YES;
				CLANG_WARN__DUPLICATE_METHOD_MATCH = YES;
				COPY_PHASE_STRIP = NO;
				DEBUG_INFORMATION_FORMAT = "dwarf-with-dsym";
				ENABLE_NS_ASSERTIONS = NO;
				ENABLE_STRICT_OBJC_MSGSEND = YES;
				GCC_C_LANGUAGE_STANDARD = gnu11;
				GCC_NO_COMMON_BLOCKS = YES;
				GCC_WARN_64_TO_32_BIT_CONVERSION = YES;
				GCC_WARN_ABOUT_RETURN_TYPE = YES_ERROR;
				GCC_WARN_UNDECLARED_SELECTOR = YES;
				GCC_WARN_UNINITIALIZED_AUTOS = YES_AGGRESSIVE;
				GCC_WARN_UNUSED_FUNCTION = YES;
				GCC_WARN_UNUSED_VARIABLE = YES;
				IPHONEOS_DEPLOYMENT_TARGET = 13.0;
				MTL_ENABLE_DEBUG_INFO = NO;
				MTL_FAST_MATH = YES;
				SDKROOT = iphoneos;
				SWIFT_COMPILATION_MODE = wholemodule;
				SWIFT_OPTIMIZATION_LEVEL = "-O";
				VALIDATE_PRODUCT = YES;
			};
			name = Release;
		};
		92AB82A02340E3C000EF700A /* Debug */ = {
			isa = XCBuildConfiguration;
			buildSettings = {
				ASSETCATALOG_COMPILER_APPICON_NAME = AppIcon;
				CODE_SIGN_STYLE = Automatic;
				DEVELOPMENT_TEAM = "";
				FRAMEWORK_SEARCH_PATHS = (
					"$(inherited)",
					"$(PROJECT_DIR)/Carthage/Build/iOS",
				);
				INFOPLIST_FILE = "$(SRCROOT)/QuizApp/Resources/Info.plist";
				LD_RUNPATH_SEARCH_PATHS = (
					"$(inherited)",
					"@executable_path/Frameworks",
				);
				PRODUCT_BUNDLE_IDENTIFIER = com.kurumochteam.QuizApp;
				PRODUCT_NAME = "$(TARGET_NAME)";
				SWIFT_VERSION = 5.0;
				TARGETED_DEVICE_FAMILY = "1,2";
			};
			name = Debug;
		};
		92AB82A12340E3C000EF700A /* Release */ = {
			isa = XCBuildConfiguration;
			buildSettings = {
				ASSETCATALOG_COMPILER_APPICON_NAME = AppIcon;
				CODE_SIGN_STYLE = Automatic;
				DEVELOPMENT_TEAM = "";
				FRAMEWORK_SEARCH_PATHS = (
					"$(inherited)",
					"$(PROJECT_DIR)/Carthage/Build/iOS",
				);
				INFOPLIST_FILE = "$(SRCROOT)/QuizApp/Resources/Info.plist";
				LD_RUNPATH_SEARCH_PATHS = (
					"$(inherited)",
					"@executable_path/Frameworks",
				);
				PRODUCT_BUNDLE_IDENTIFIER = com.kurumochteam.QuizApp;
				PRODUCT_NAME = "$(TARGET_NAME)";
				SWIFT_VERSION = 5.0;
				TARGETED_DEVICE_FAMILY = "1,2";
			};
			name = Release;
		};
		92AB82A32340E3C000EF700A /* Debug */ = {
			isa = XCBuildConfiguration;
			buildSettings = {
				ALWAYS_EMBED_SWIFT_STANDARD_LIBRARIES = YES;
				BUNDLE_LOADER = "$(TEST_HOST)";
				CODE_SIGN_STYLE = Automatic;
				FRAMEWORK_SEARCH_PATHS = (
					"$(inherited)",
					"$(PROJECT_DIR)/Carthage/Build/iOS",
				);
				INFOPLIST_FILE = QuizAppTests/Info.plist;
				IPHONEOS_DEPLOYMENT_TARGET = 13.0;
				LD_RUNPATH_SEARCH_PATHS = (
					"$(inherited)",
					"@executable_path/Frameworks",
					"@loader_path/Frameworks",
				);
				PRODUCT_BUNDLE_IDENTIFIER = com.kurumochteam.QuizAppTests;
				PRODUCT_NAME = "$(TARGET_NAME)";
				SWIFT_VERSION = 5.0;
				TARGETED_DEVICE_FAMILY = "1,2";
				TEST_HOST = "$(BUILT_PRODUCTS_DIR)/QuizApp.app/QuizApp";
			};
			name = Debug;
		};
		92AB82A42340E3C000EF700A /* Release */ = {
			isa = XCBuildConfiguration;
			buildSettings = {
				ALWAYS_EMBED_SWIFT_STANDARD_LIBRARIES = YES;
				BUNDLE_LOADER = "$(TEST_HOST)";
				CODE_SIGN_STYLE = Automatic;
				FRAMEWORK_SEARCH_PATHS = (
					"$(inherited)",
					"$(PROJECT_DIR)/Carthage/Build/iOS",
				);
				INFOPLIST_FILE = QuizAppTests/Info.plist;
				IPHONEOS_DEPLOYMENT_TARGET = 13.0;
				LD_RUNPATH_SEARCH_PATHS = (
					"$(inherited)",
					"@executable_path/Frameworks",
					"@loader_path/Frameworks",
				);
				PRODUCT_BUNDLE_IDENTIFIER = com.kurumochteam.QuizAppTests;
				PRODUCT_NAME = "$(TARGET_NAME)";
				SWIFT_VERSION = 5.0;
				TARGETED_DEVICE_FAMILY = "1,2";
				TEST_HOST = "$(BUILT_PRODUCTS_DIR)/QuizApp.app/QuizApp";
			};
			name = Release;
		};
		92AB82A62340E3C000EF700A /* Debug */ = {
			isa = XCBuildConfiguration;
			buildSettings = {
				ALWAYS_EMBED_SWIFT_STANDARD_LIBRARIES = YES;
				CODE_SIGN_STYLE = Automatic;
				INFOPLIST_FILE = QuizAppUITests/Info.plist;
				LD_RUNPATH_SEARCH_PATHS = (
					"$(inherited)",
					"@executable_path/Frameworks",
					"@loader_path/Frameworks",
				);
				PRODUCT_BUNDLE_IDENTIFIER = com.kurumochteam.QuizAppUITests;
				PRODUCT_NAME = "$(TARGET_NAME)";
				SWIFT_VERSION = 5.0;
				TARGETED_DEVICE_FAMILY = "1,2";
				TEST_TARGET_NAME = QuizApp;
			};
			name = Debug;
		};
		92AB82A72340E3C000EF700A /* Release */ = {
			isa = XCBuildConfiguration;
			buildSettings = {
				ALWAYS_EMBED_SWIFT_STANDARD_LIBRARIES = YES;
				CODE_SIGN_STYLE = Automatic;
				INFOPLIST_FILE = QuizAppUITests/Info.plist;
				LD_RUNPATH_SEARCH_PATHS = (
					"$(inherited)",
					"@executable_path/Frameworks",
					"@loader_path/Frameworks",
				);
				PRODUCT_BUNDLE_IDENTIFIER = com.kurumochteam.QuizAppUITests;
				PRODUCT_NAME = "$(TARGET_NAME)";
				SWIFT_VERSION = 5.0;
				TARGETED_DEVICE_FAMILY = "1,2";
				TEST_TARGET_NAME = QuizApp;
			};
			name = Release;
		};
/* End XCBuildConfiguration section */

/* Begin XCConfigurationList section */
		92AB826D2340E3BA00EF700A /* Build configuration list for PBXProject "QuizApp" */ = {
			isa = XCConfigurationList;
			buildConfigurations = (
				92AB829D2340E3C000EF700A /* Debug */,
				92AB829E2340E3C000EF700A /* Release */,
			);
			defaultConfigurationIsVisible = 0;
			defaultConfigurationName = Release;
		};
		92AB829F2340E3C000EF700A /* Build configuration list for PBXNativeTarget "QuizApp" */ = {
			isa = XCConfigurationList;
			buildConfigurations = (
				92AB82A02340E3C000EF700A /* Debug */,
				92AB82A12340E3C000EF700A /* Release */,
			);
			defaultConfigurationIsVisible = 0;
			defaultConfigurationName = Release;
		};
		92AB82A22340E3C000EF700A /* Build configuration list for PBXNativeTarget "QuizAppTests" */ = {
			isa = XCConfigurationList;
			buildConfigurations = (
				92AB82A32340E3C000EF700A /* Debug */,
				92AB82A42340E3C000EF700A /* Release */,
			);
			defaultConfigurationIsVisible = 0;
			defaultConfigurationName = Release;
		};
		92AB82A52340E3C000EF700A /* Build configuration list for PBXNativeTarget "QuizAppUITests" */ = {
			isa = XCConfigurationList;
			buildConfigurations = (
				92AB82A62340E3C000EF700A /* Debug */,
				92AB82A72340E3C000EF700A /* Release */,
			);
			defaultConfigurationIsVisible = 0;
			defaultConfigurationName = Release;
		};
/* End XCConfigurationList section */

/* Begin XCVersionGroup section */
		92AB827E2340E3BA00EF700A /* QuizApp.xcdatamodeld */ = {
			isa = XCVersionGroup;
			children = (
				92AB827F2340E3BA00EF700A /* QuizApp.xcdatamodel */,
			);
			currentVersion = 92AB827F2340E3BA00EF700A /* QuizApp.xcdatamodel */;
			path = QuizApp.xcdatamodeld;
			sourceTree = "<group>";
			versionGroupType = wrapper.xcdatamodel;
		};
/* End XCVersionGroup section */
	};
	rootObject = 92AB826A2340E3BA00EF700A /* Project object */;
}
